PODS:
  - KontaktSDK (1.5.1)
  - NextUser (1.1.0)

DEPENDENCIES:
  - KontaktSDK (~> 1.0)
  - NextUser (~> 1.1.0)

SPEC CHECKSUMS:
  KontaktSDK: 68cc25fd7fbab5b03b1c86db440620e55b031580
  NextUser: f473da4a15fd9990b2f21be78e1025eb76ae640e

PODFILE CHECKSUM: a9fdc995daaba08b06157632320c5ebf2123d1a0

COCOAPODS: 1.4.0.beta.2
