// !$*UTF8*$!
{
	archiveVersion = 1;
	classes = {
	};
	objectVersion = 46;
	objects = {

/* Begin PBXBuildFile section */
		55025DC11FD597490062F788 /* CartItemTableRowView.m in Sources */ = {isa = PBXBuildFile; fileRef = 55025DBA1FD597480062F788 /* CartItemTableRowView.m */; };
		55025DC21FD597490062F788 /* Cart.m in Sources */ = {isa = PBXBuildFile; fileRef = 55025DBB1FD597480062F788 /* Cart.m */; };
		55025DC31FD597490062F788 /* CartViewController.m in Sources */ = {isa = PBXBuildFile; fileRef = 55025DBD1FD597490062F788 /* CartViewController.m */; };
		55025DC41FD597490062F788 /* CartItem.m in Sources */ = {isa = PBXBuildFile; fileRef = 55025DBF1FD597490062F788 /* CartItem.m */; };
		55025DCC1FD597510062F788 /* nextuser.plist in Resources */ = {isa = PBXBuildFile; fileRef = 55025DC51FD597500062F788 /* nextuser.plist */; };
		55025DCD1FD597510062F788 /* ProductsTableRowView.m in Sources */ = {isa = PBXBuildFile; fileRef = 55025DC71FD597500062F788 /* ProductsTableRowView.m */; };
		55025DCE1FD597510062F788 /* Product.m in Sources */ = {isa = PBXBuildFile; fileRef = 55025DCA1FD597500062F788 /* Product.m */; };
		55025DCF1FD597510062F788 /* UserDataViewController.m in Sources */ = {isa = PBXBuildFile; fileRef = 55025DCB1FD597510062F788 /* UserDataViewController.m */; };
		55025DD11FD5975E0062F788 /* Assets.xcassets in Resources */ = {isa = PBXBuildFile; fileRef = 55025DD01FD5975D0062F788 /* Assets.xcassets */; };
		55025DD61FD599280062F788 /* Main.storyboard in Resources */ = {isa = PBXBuildFile; fileRef = 55025DD41FD599270062F788 /* Main.storyboard */; };
		9CFD11801E78379F0092023E /* main.m in Sources */ = {isa = PBXBuildFile; fileRef = 9CFD117F1E78379F0092023E /* main.m */; };
		9CFD11831E78379F0092023E /* AppDelegate.m in Sources */ = {isa = PBXBuildFile; fileRef = 9CFD11821E78379F0092023E /* AppDelegate.m */; };
		9CFD11861E78379F0092023E /* MasterViewController.m in Sources */ = {isa = PBXBuildFile; fileRef = 9CFD11851E78379F0092023E /* MasterViewController.m */; };
		9CFD11891E78379F0092023E /* DetailViewController.m in Sources */ = {isa = PBXBuildFile; fileRef = 9CFD11881E78379F0092023E /* DetailViewController.m */; };
		9CFD118E1E78379F0092023E /* Assets.xcassets in Resources */ = {isa = PBXBuildFile; fileRef = 9CFD118D1E78379F0092023E /* Assets.xcassets */; };
		9CFD119C1E78379F0092023E /* NextuserSDKdemoTests.m in Sources */ = {isa = PBXBuildFile; fileRef = 9CFD119B1E78379F0092023E /* NextuserSDKdemoTests.m */; };
		9CFD11A71E78379F0092023E /* NextuserSDKdemoUITests.m in Sources */ = {isa = PBXBuildFile; fileRef = 9CFD11A61E78379F0092023E /* NextuserSDKdemoUITests.m */; };
		B5549F9B165DF53012E08D01 /* Pods_NextUserLibraryDemo.framework in Frameworks */ = {isa = PBXBuildFile; fileRef = DF49C9363744423FC37ADAE2 /* Pods_NextUserLibraryDemo.framework */; };
/* End PBXBuildFile section */

/* Begin PBXContainerItemProxy section */
		9CFD11981E78379F0092023E /* PBXContainerItemProxy */ = {
			isa = PBXContainerItemProxy;
			containerPortal = 9CFD11731E78379E0092023E /* Project object */;
			proxyType = 1;
			remoteGlobalIDString = 9CFD117A1E78379F0092023E;
			remoteInfo = NextuserSDKdemo;
		};
		9CFD11A31E78379F0092023E /* PBXContainerItemProxy */ = {
			isa = PBXContainerItemProxy;
			containerPortal = 9CFD11731E78379E0092023E /* Project object */;
			proxyType = 1;
			remoteGlobalIDString = 9CFD117A1E78379F0092023E;
			remoteInfo = NextuserSDKdemo;
		};
/* End PBXContainerItemProxy section */

/* Begin PBXFileReference section */
		20FC0AF7F94FDD101D1568D6 /* Pods_NextuserSDKdemo.framework */ = {isa = PBXFileReference; explicitFileType = wrapper.framework; includeInIndex = 0; path = Pods_NextuserSDKdemo.framework; sourceTree = BUILT_PRODUCTS_DIR; };
		3905236E1EB8FE9D70C7F129 /* Pods-NextUserLibraryDemo.debug.xcconfig */ = {isa = PBXFileReference; includeInIndex = 1; lastKnownFileType = text.xcconfig; name = "Pods-NextUserLibraryDemo.debug.xcconfig"; path = "Pods/Target Support Files/Pods-NextUserLibraryDemo/Pods-NextUserLibraryDemo.debug.xcconfig"; sourceTree = "<group>"; };
		4E121326BFA125E81E658DA2 /* Pods-NextuserSDKdemo.release.xcconfig */ = {isa = PBXFileReference; includeInIndex = 1; lastKnownFileType = text.xcconfig; name = "Pods-NextuserSDKdemo.release.xcconfig"; path = "Pods/Target Support Files/Pods-NextuserSDKdemo/Pods-NextuserSDKdemo.release.xcconfig"; sourceTree = "<group>"; };
		4E71AD473CAD0F164137CDE5 /* Pods-NextUserLibraryDemo.release.xcconfig */ = {isa = PBXFileReference; includeInIndex = 1; lastKnownFileType = text.xcconfig; name = "Pods-NextUserLibraryDemo.release.xcconfig"; path = "Pods/Target Support Files/Pods-NextUserLibraryDemo/Pods-NextUserLibraryDemo.release.xcconfig"; sourceTree = "<group>"; };
		55025DB91FD597480062F788 /* CartItemTableRowView.h */ = {isa = PBXFileReference; fileEncoding = 4; lastKnownFileType = sourcecode.c.h; path = CartItemTableRowView.h; sourceTree = "<group>"; };
		55025DBA1FD597480062F788 /* CartItemTableRowView.m */ = {isa = PBXFileReference; fileEncoding = 4; lastKnownFileType = sourcecode.c.objc; path = CartItemTableRowView.m; sourceTree = "<group>"; };
		55025DBB1FD597480062F788 /* Cart.m */ = {isa = PBXFileReference; fileEncoding = 4; lastKnownFileType = sourcecode.c.objc; path = Cart.m; sourceTree = "<group>"; };
		55025DBC1FD597480062F788 /* CartViewContoller.h */ = {isa = PBXFileReference; fileEncoding = 4; lastKnownFileType = sourcecode.c.h; path = CartViewContoller.h; sourceTree = "<group>"; };
		55025DBD1FD597490062F788 /* CartViewController.m */ = {isa = PBXFileReference; fileEncoding = 4; lastKnownFileType = sourcecode.c.objc; path = CartViewController.m; sourceTree = "<group>"; };
		55025DBE1FD597490062F788 /* CartItem.h */ = {isa = PBXFileReference; fileEncoding = 4; lastKnownFileType = sourcecode.c.h; path = CartItem.h; sourceTree = "<group>"; };
		55025DBF1FD597490062F788 /* CartItem.m */ = {isa = PBXFileReference; fileEncoding = 4; lastKnownFileType = sourcecode.c.objc; path = CartItem.m; sourceTree = "<group>"; };
		55025DC01FD597490062F788 /* Cart.h */ = {isa = PBXFileReference; fileEncoding = 4; lastKnownFileType = sourcecode.c.h; path = Cart.h; sourceTree = "<group>"; };
		55025DC51FD597500062F788 /* nextuser.plist */ = {isa = PBXFileReference; fileEncoding = 4; lastKnownFileType = text.plist.xml; path = nextuser.plist; sourceTree = "<group>"; };
		55025DC61FD597500062F788 /* Product.h */ = {isa = PBXFileReference; fileEncoding = 4; lastKnownFileType = sourcecode.c.h; path = Product.h; sourceTree = "<group>"; };
		55025DC71FD597500062F788 /* ProductsTableRowView.m */ = {isa = PBXFileReference; fileEncoding = 4; lastKnownFileType = sourcecode.c.objc; path = ProductsTableRowView.m; sourceTree = "<group>"; };
		55025DC81FD597500062F788 /* ProductsTableRowView.h */ = {isa = PBXFileReference; fileEncoding = 4; lastKnownFileType = sourcecode.c.h; path = ProductsTableRowView.h; sourceTree = "<group>"; };
		55025DC91FD597500062F788 /* UserDataViewController.h */ = {isa = PBXFileReference; fileEncoding = 4; lastKnownFileType = sourcecode.c.h; path = UserDataViewController.h; sourceTree = "<group>"; };
		55025DCA1FD597500062F788 /* Product.m */ = {isa = PBXFileReference; fileEncoding = 4; lastKnownFileType = sourcecode.c.objc; path = Product.m; sourceTree = "<group>"; };
		55025DCB1FD597510062F788 /* UserDataViewController.m */ = {isa = PBXFileReference; fileEncoding = 4; lastKnownFileType = sourcecode.c.objc; path = UserDataViewController.m; sourceTree = "<group>"; };
		55025DD01FD5975D0062F788 /* Assets.xcassets */ = {isa = PBXFileReference; lastKnownFileType = folder.assetcatalog; path = Assets.xcassets; sourceTree = "<group>"; };
		55025DD51FD599270062F788 /* Base */ = {isa = PBXFileReference; lastKnownFileType = file.storyboard; name = Base; path = Base.lproj/Main.storyboard; sourceTree = "<group>"; };
		9CFD117B1E78379F0092023E /* NextUserLibraryDemo.app */ = {isa = PBXFileReference; explicitFileType = wrapper.application; includeInIndex = 0; path = NextUserLibraryDemo.app; sourceTree = BUILT_PRODUCTS_DIR; };
		9CFD117F1E78379F0092023E /* main.m */ = {isa = PBXFileReference; lastKnownFileType = sourcecode.c.objc; path = main.m; sourceTree = "<group>"; };
		9CFD11811E78379F0092023E /* AppDelegate.h */ = {isa = PBXFileReference; lastKnownFileType = sourcecode.c.h; path = AppDelegate.h; sourceTree = "<group>"; };
		9CFD11821E78379F0092023E /* AppDelegate.m */ = {isa = PBXFileReference; lastKnownFileType = sourcecode.c.objc; path = AppDelegate.m; sourceTree = "<group>"; };
		9CFD11841E78379F0092023E /* MasterViewController.h */ = {isa = PBXFileReference; lastKnownFileType = sourcecode.c.h; path = MasterViewController.h; sourceTree = "<group>"; };
		9CFD11851E78379F0092023E /* MasterViewController.m */ = {isa = PBXFileReference; lastKnownFileType = sourcecode.c.objc; path = MasterViewController.m; sourceTree = "<group>"; };
		9CFD11871E78379F0092023E /* DetailViewController.h */ = {isa = PBXFileReference; lastKnownFileType = sourcecode.c.h; path = DetailViewController.h; sourceTree = "<group>"; };
		9CFD11881E78379F0092023E /* DetailViewController.m */ = {isa = PBXFileReference; lastKnownFileType = sourcecode.c.objc; path = DetailViewController.m; sourceTree = "<group>"; };
		9CFD118D1E78379F0092023E /* Assets.xcassets */ = {isa = PBXFileReference; lastKnownFileType = folder.assetcatalog; path = Assets.xcassets; sourceTree = "<group>"; };
		9CFD11921E78379F0092023E /* Info.plist */ = {isa = PBXFileReference; lastKnownFileType = text.plist.xml; path = Info.plist; sourceTree = "<group>"; };
		9CFD11971E78379F0092023E /* NextUserLibraryDemoTests.xctest */ = {isa = PBXFileReference; explicitFileType = wrapper.cfbundle; includeInIndex = 0; path = NextUserLibraryDemoTests.xctest; sourceTree = BUILT_PRODUCTS_DIR; };
		9CFD119B1E78379F0092023E /* NextuserSDKdemoTests.m */ = {isa = PBXFileReference; lastKnownFileType = sourcecode.c.objc; path = NextuserSDKdemoTests.m; sourceTree = "<group>"; };
		9CFD119D1E78379F0092023E /* Info.plist */ = {isa = PBXFileReference; lastKnownFileType = text.plist.xml; path = Info.plist; sourceTree = "<group>"; };
		9CFD11A21E78379F0092023E /* NextUserLibraryDemoUITests.xctest */ = {isa = PBXFileReference; explicitFileType = wrapper.cfbundle; includeInIndex = 0; path = NextUserLibraryDemoUITests.xctest; sourceTree = BUILT_PRODUCTS_DIR; };
		9CFD11A61E78379F0092023E /* NextuserSDKdemoUITests.m */ = {isa = PBXFileReference; lastKnownFileType = sourcecode.c.objc; path = NextuserSDKdemoUITests.m; sourceTree = "<group>"; };
		9CFD11A81E78379F0092023E /* Info.plist */ = {isa = PBXFileReference; lastKnownFileType = text.plist.xml; path = Info.plist; sourceTree = "<group>"; };
		B069F5A10C9F7AAC4826F685 /* Pods-NextuserSDKdemo.debug.xcconfig */ = {isa = PBXFileReference; includeInIndex = 1; lastKnownFileType = text.xcconfig; name = "Pods-NextuserSDKdemo.debug.xcconfig"; path = "Pods/Target Support Files/Pods-NextuserSDKdemo/Pods-NextuserSDKdemo.debug.xcconfig"; sourceTree = "<group>"; };
		DF49C9363744423FC37ADAE2 /* Pods_NextUserLibraryDemo.framework */ = {isa = PBXFileReference; explicitFileType = wrapper.framework; includeInIndex = 0; path = Pods_NextUserLibraryDemo.framework; sourceTree = BUILT_PRODUCTS_DIR; };
/* End PBXFileReference section */

/* Begin PBXFrameworksBuildPhase section */
		9CFD11781E78379F0092023E /* Frameworks */ = {
			isa = PBXFrameworksBuildPhase;
			buildActionMask = 2147483647;
			files = (
				B5549F9B165DF53012E08D01 /* Pods_NextUserLibraryDemo.framework in Frameworks */,
			);
			runOnlyForDeploymentPostprocessing = 0;
		};
		9CFD11941E78379F0092023E /* Frameworks */ = {
			isa = PBXFrameworksBuildPhase;
			buildActionMask = 2147483647;
			files = (
			);
			runOnlyForDeploymentPostprocessing = 0;
		};
		9CFD119F1E78379F0092023E /* Frameworks */ = {
			isa = PBXFrameworksBuildPhase;
			buildActionMask = 2147483647;
			files = (
			);
			runOnlyForDeploymentPostprocessing = 0;
		};
/* End PBXFrameworksBuildPhase section */

/* Begin PBXGroup section */
		5D73EB7139BE06E319773342 /* Pods */ = {
			isa = PBXGroup;
			children = (
				B069F5A10C9F7AAC4826F685 /* Pods-NextuserSDKdemo.debug.xcconfig */,
				4E121326BFA125E81E658DA2 /* Pods-NextuserSDKdemo.release.xcconfig */,
				3905236E1EB8FE9D70C7F129 /* Pods-NextUserLibraryDemo.debug.xcconfig */,
				4E71AD473CAD0F164137CDE5 /* Pods-NextUserLibraryDemo.release.xcconfig */,
			);
			name = Pods;
			sourceTree = "<group>";
		};
		9CFD11721E78379E0092023E = {
			isa = PBXGroup;
			children = (
				9CFD117D1E78379F0092023E /* NextUserLibraryDemo */,
				9CFD119A1E78379F0092023E /* NextUserLibraryDemoTests */,
				9CFD11A51E78379F0092023E /* NextUserLibraryDemoUITests */,
				9CFD117C1E78379F0092023E /* Products */,
				5D73EB7139BE06E319773342 /* Pods */,
				A1AEB0B434A56BF9938823AC /* Frameworks */,
			);
			sourceTree = "<group>";
		};
		9CFD117C1E78379F0092023E /* Products */ = {
			isa = PBXGroup;
			children = (
				9CFD117B1E78379F0092023E /* NextUserLibraryDemo.app */,
				9CFD11971E78379F0092023E /* NextUserLibraryDemoTests.xctest */,
				9CFD11A21E78379F0092023E /* NextUserLibraryDemoUITests.xctest */,
			);
			name = Products;
			sourceTree = "<group>";
		};
		9CFD117D1E78379F0092023E /* NextUserLibraryDemo */ = {
			isa = PBXGroup;
			children = (
				55025DD41FD599270062F788 /* Main.storyboard */,
				55025DD01FD5975D0062F788 /* Assets.xcassets */,
				55025DC51FD597500062F788 /* nextuser.plist */,
				55025DC61FD597500062F788 /* Product.h */,
				55025DCA1FD597500062F788 /* Product.m */,
				55025DC81FD597500062F788 /* ProductsTableRowView.h */,
				55025DC71FD597500062F788 /* ProductsTableRowView.m */,
				55025DC91FD597500062F788 /* UserDataViewController.h */,
				55025DCB1FD597510062F788 /* UserDataViewController.m */,
				55025DC01FD597490062F788 /* Cart.h */,
				55025DBB1FD597480062F788 /* Cart.m */,
				55025DBE1FD597490062F788 /* CartItem.h */,
				55025DBF1FD597490062F788 /* CartItem.m */,
				55025DB91FD597480062F788 /* CartItemTableRowView.h */,
				55025DBA1FD597480062F788 /* CartItemTableRowView.m */,
				55025DBC1FD597480062F788 /* CartViewContoller.h */,
				55025DBD1FD597490062F788 /* CartViewController.m */,
				9CFD11811E78379F0092023E /* AppDelegate.h */,
				9CFD11821E78379F0092023E /* AppDelegate.m */,
				9CFD11841E78379F0092023E /* MasterViewController.h */,
				9CFD11851E78379F0092023E /* MasterViewController.m */,
				9CFD11871E78379F0092023E /* DetailViewController.h */,
				9CFD11881E78379F0092023E /* DetailViewController.m */,
				9CFD118D1E78379F0092023E /* Assets.xcassets */,
				9CFD11921E78379F0092023E /* Info.plist */,
				9CFD117E1E78379F0092023E /* Supporting Files */,
			);
			path = NextUserLibraryDemo;
			sourceTree = "<group>";
		};
		9CFD117E1E78379F0092023E /* Supporting Files */ = {
			isa = PBXGroup;
			children = (
				9CFD117F1E78379F0092023E /* main.m */,
			);
			name = "Supporting Files";
			sourceTree = "<group>";
		};
		9CFD119A1E78379F0092023E /* NextUserLibraryDemoTests */ = {
			isa = PBXGroup;
			children = (
				9CFD119B1E78379F0092023E /* NextuserSDKdemoTests.m */,
				9CFD119D1E78379F0092023E /* Info.plist */,
			);
			path = NextUserLibraryDemoTests;
			sourceTree = "<group>";
		};
		9CFD11A51E78379F0092023E /* NextUserLibraryDemoUITests */ = {
			isa = PBXGroup;
			children = (
				9CFD11A61E78379F0092023E /* NextuserSDKdemoUITests.m */,
				9CFD11A81E78379F0092023E /* Info.plist */,
			);
			path = NextUserLibraryDemoUITests;
			sourceTree = "<group>";
		};
		A1AEB0B434A56BF9938823AC /* Frameworks */ = {
			isa = PBXGroup;
			children = (
				20FC0AF7F94FDD101D1568D6 /* Pods_NextuserSDKdemo.framework */,
				DF49C9363744423FC37ADAE2 /* Pods_NextUserLibraryDemo.framework */,
			);
			name = Frameworks;
			sourceTree = "<group>";
		};
/* End PBXGroup section */

/* Begin PBXNativeTarget section */
		9CFD117A1E78379F0092023E /* NextUserLibraryDemo */ = {
			isa = PBXNativeTarget;
			buildConfigurationList = 9CFD11AB1E78379F0092023E /* Build configuration list for PBXNativeTarget "NextUserLibraryDemo" */;
			buildPhases = (
				B12A9416A33FB3F01635B62A /* [CP] Check Pods Manifest.lock */,
				9CFD11771E78379F0092023E /* Sources */,
				9CFD11781E78379F0092023E /* Frameworks */,
				9CFD11791E78379F0092023E /* Resources */,
				55EA6A8D33F4745FCBF62CEE /* [CP] Embed Pods Frameworks */,
				CDEE6188A8D37BBC355BC4BD /* [CP] Copy Pods Resources */,
			);
			buildRules = (
			);
			dependencies = (
			);
			name = NextUserLibraryDemo;
			productName = NextuserSDKdemo;
			productReference = 9CFD117B1E78379F0092023E /* NextUserLibraryDemo.app */;
			productType = "com.apple.product-type.application";
		};
		9CFD11961E78379F0092023E /* NextUserLibraryDemoTests */ = {
			isa = PBXNativeTarget;
			buildConfigurationList = 9CFD11AE1E78379F0092023E /* Build configuration list for PBXNativeTarget "NextUserLibraryDemoTests" */;
			buildPhases = (
				9CFD11931E78379F0092023E /* Sources */,
				9CFD11941E78379F0092023E /* Frameworks */,
				9CFD11951E78379F0092023E /* Resources */,
			);
			buildRules = (
			);
			dependencies = (
				9CFD11991E78379F0092023E /* PBXTargetDependency */,
			);
			name = NextUserLibraryDemoTests;
			productName = NextuserSDKdemoTests;
			productReference = 9CFD11971E78379F0092023E /* NextUserLibraryDemoTests.xctest */;
			productType = "com.apple.product-type.bundle.unit-test";
		};
		9CFD11A11E78379F0092023E /* NextUserLibraryDemoUITests */ = {
			isa = PBXNativeTarget;
			buildConfigurationList = 9CFD11B11E78379F0092023E /* Build configuration list for PBXNativeTarget "NextUserLibraryDemoUITests" */;
			buildPhases = (
				9CFD119E1E78379F0092023E /* Sources */,
				9CFD119F1E78379F0092023E /* Frameworks */,
				9CFD11A01E78379F0092023E /* Resources */,
			);
			buildRules = (
			);
			dependencies = (
				9CFD11A41E78379F0092023E /* PBXTargetDependency */,
			);
			name = NextUserLibraryDemoUITests;
			productName = NextuserSDKdemoUITests;
			productReference = 9CFD11A21E78379F0092023E /* NextUserLibraryDemoUITests.xctest */;
			productType = "com.apple.product-type.bundle.ui-testing";
		};
/* End PBXNativeTarget section */

/* Begin PBXProject section */
		9CFD11731E78379E0092023E /* Project object */ = {
			isa = PBXProject;
			attributes = {
				LastUpgradeCheck = 0910;
				ORGANIZATIONNAME = "Marin Bek";
				TargetAttributes = {
					9CFD117A1E78379F0092023E = {
						CreatedOnToolsVersion = 8.2.1;
						DevelopmentTeam = V223KM7TSG;
						ProvisioningStyle = Manual;
					};
					9CFD11961E78379F0092023E = {
						CreatedOnToolsVersion = 8.2.1;
						ProvisioningStyle = Automatic;
						TestTargetID = 9CFD117A1E78379F0092023E;
					};
					9CFD11A11E78379F0092023E = {
						CreatedOnToolsVersion = 8.2.1;
						ProvisioningStyle = Automatic;
						TestTargetID = 9CFD117A1E78379F0092023E;
					};
				};
			};
			buildConfigurationList = 9CFD11761E78379E0092023E /* Build configuration list for PBXProject "NextUserLibraryDemo" */;
			compatibilityVersion = "Xcode 3.2";
			developmentRegion = English;
			hasScannedForEncodings = 0;
			knownRegions = (
				en,
				Base,
			);
			mainGroup = 9CFD11721E78379E0092023E;
			productRefGroup = 9CFD117C1E78379F0092023E /* Products */;
			projectDirPath = "";
			projectRoot = "";
			targets = (
				9CFD117A1E78379F0092023E /* NextUserLibraryDemo */,
				9CFD11961E78379F0092023E /* NextUserLibraryDemoTests */,
				9CFD11A11E78379F0092023E /* NextUserLibraryDemoUITests */,
			);
		};
/* End PBXProject section */

/* Begin PBXResourcesBuildPhase section */
		9CFD11791E78379F0092023E /* Resources */ = {
			isa = PBXResourcesBuildPhase;
			buildActionMask = 2147483647;
			files = (
				9CFD118E1E78379F0092023E /* Assets.xcassets in Resources */,
				55025DCC1FD597510062F788 /* nextuser.plist in Resources */,
				55025DD11FD5975E0062F788 /* Assets.xcassets in Resources */,
				55025DD61FD599280062F788 /* Main.storyboard in Resources */,
			);
			runOnlyForDeploymentPostprocessing = 0;
		};
		9CFD11951E78379F0092023E /* Resources */ = {
			isa = PBXResourcesBuildPhase;
			buildActionMask = 2147483647;
			files = (
			);
			runOnlyForDeploymentPostprocessing = 0;
		};
		9CFD11A01E78379F0092023E /* Resources */ = {
			isa = PBXResourcesBuildPhase;
			buildActionMask = 2147483647;
			files = (
			);
			runOnlyForDeploymentPostprocessing = 0;
		};
/* End PBXResourcesBuildPhase section */

/* Begin PBXShellScriptBuildPhase section */
		55EA6A8D33F4745FCBF62CEE /* [CP] Embed Pods Frameworks */ = {
			isa = PBXShellScriptBuildPhase;
			buildActionMask = 2147483647;
			files = (
			);
			inputPaths = (
				"${SRCROOT}/Pods/Target Support Files/Pods-NextUserLibraryDemo/Pods-NextUserLibraryDemo-frameworks.sh",
				"${BUILT_PRODUCTS_DIR}/AFNetworking/AFNetworking.framework",
				"${BUILT_PRODUCTS_DIR}/Base64/Base64.framework",
				"${BUILT_PRODUCTS_DIR}/CocoaLumberjack/CocoaLumberjack.framework",
				"${PODS_ROOT}/KontaktSDK/Cocoapods/iOS/KontaktSDK.framework",
				"${BUILT_PRODUCTS_DIR}/NextUser/NextUser.framework",
				"${BUILT_PRODUCTS_DIR}/SAMKeychain/SAMKeychain.framework",
			);
			name = "[CP] Embed Pods Frameworks";
			outputPaths = (
				"${TARGET_BUILD_DIR}/${FRAMEWORKS_FOLDER_PATH}/AFNetworking.framework",
				"${TARGET_BUILD_DIR}/${FRAMEWORKS_FOLDER_PATH}/Base64.framework",
				"${TARGET_BUILD_DIR}/${FRAMEWORKS_FOLDER_PATH}/CocoaLumberjack.framework",
				"${TARGET_BUILD_DIR}/${FRAMEWORKS_FOLDER_PATH}/KontaktSDK.framework",
				"${TARGET_BUILD_DIR}/${FRAMEWORKS_FOLDER_PATH}/NextUser.framework",
				"${TARGET_BUILD_DIR}/${FRAMEWORKS_FOLDER_PATH}/SAMKeychain.framework",
			);
			runOnlyForDeploymentPostprocessing = 0;
			shellPath = /bin/sh;
			shellScript = "\"${SRCROOT}/Pods/Target Support Files/Pods-NextUserLibraryDemo/Pods-NextUserLibraryDemo-frameworks.sh\"\n";
			showEnvVarsInLog = 0;
		};
		B12A9416A33FB3F01635B62A /* [CP] Check Pods Manifest.lock */ = {
			isa = PBXShellScriptBuildPhase;
			buildActionMask = 2147483647;
			files = (
			);
			inputPaths = (
				"${PODS_PODFILE_DIR_PATH}/Podfile.lock",
				"${PODS_ROOT}/Manifest.lock",
			);
			name = "[CP] Check Pods Manifest.lock";
			outputPaths = (
				"$(DERIVED_FILE_DIR)/Pods-NextUserLibraryDemo-checkManifestLockResult.txt",
			);
			runOnlyForDeploymentPostprocessing = 0;
			shellPath = /bin/sh;
			shellScript = "diff \"${PODS_PODFILE_DIR_PATH}/Podfile.lock\" \"${PODS_ROOT}/Manifest.lock\" > /dev/null\nif [ $? != 0 ] ; then\n    # print error to STDERR\n    echo \"error: The sandbox is not in sync with the Podfile.lock. Run 'pod install' or update your CocoaPods installation.\" >&2\n    exit 1\nfi\n# This output is used by Xcode 'outputs' to avoid re-running this script phase.\necho \"SUCCESS\" > \"${SCRIPT_OUTPUT_FILE_0}\"\n";
			showEnvVarsInLog = 0;
		};
		CDEE6188A8D37BBC355BC4BD /* [CP] Copy Pods Resources */ = {
			isa = PBXShellScriptBuildPhase;
			buildActionMask = 2147483647;
			files = (
			);
			inputPaths = (
			);
			name = "[CP] Copy Pods Resources";
			outputPaths = (
			);
			runOnlyForDeploymentPostprocessing = 0;
			shellPath = /bin/sh;
			shellScript = "\"${SRCROOT}/Pods/Target Support Files/Pods-NextUserLibraryDemo/Pods-NextUserLibraryDemo-resources.sh\"\n";
			showEnvVarsInLog = 0;
		};
/* End PBXShellScriptBuildPhase section */

/* Begin PBXSourcesBuildPhase section */
		9CFD11771E78379F0092023E /* Sources */ = {
			isa = PBXSourcesBuildPhase;
			buildActionMask = 2147483647;
			files = (
				9CFD11831E78379F0092023E /* AppDelegate.m in Sources */,
				55025DCE1FD597510062F788 /* Product.m in Sources */,
				55025DCD1FD597510062F788 /* ProductsTableRowView.m in Sources */,
				55025DC21FD597490062F788 /* Cart.m in Sources */,
				9CFD11861E78379F0092023E /* MasterViewController.m in Sources */,
				55025DC11FD597490062F788 /* CartItemTableRowView.m in Sources */,
				55025DCF1FD597510062F788 /* UserDataViewController.m in Sources */,
				9CFD11801E78379F0092023E /* main.m in Sources */,
				55025DC31FD597490062F788 /* CartViewController.m in Sources */,
				55025DC41FD597490062F788 /* CartItem.m in Sources */,
				9CFD11891E78379F0092023E /* DetailViewController.m in Sources */,
			);
			runOnlyForDeploymentPostprocessing = 0;
		};
		9CFD11931E78379F0092023E /* Sources */ = {
			isa = PBXSourcesBuildPhase;
			buildActionMask = 2147483647;
			files = (
				9CFD119C1E78379F0092023E /* NextuserSDKdemoTests.m in Sources */,
			);
			runOnlyForDeploymentPostprocessing = 0;
		};
		9CFD119E1E78379F0092023E /* Sources */ = {
			isa = PBXSourcesBuildPhase;
			buildActionMask = 2147483647;
			files = (
				9CFD11A71E78379F0092023E /* NextuserSDKdemoUITests.m in Sources */,
			);
			runOnlyForDeploymentPostprocessing = 0;
		};
/* End PBXSourcesBuildPhase section */

/* Begin PBXTargetDependency section */
		9CFD11991E78379F0092023E /* PBXTargetDependency */ = {
			isa = PBXTargetDependency;
			target = 9CFD117A1E78379F0092023E /* NextUserLibraryDemo */;
			targetProxy = 9CFD11981E78379F0092023E /* PBXContainerItemProxy */;
		};
		9CFD11A41E78379F0092023E /* PBXTargetDependency */ = {
			isa = PBXTargetDependency;
			target = 9CFD117A1E78379F0092023E /* NextUserLibraryDemo */;
			targetProxy = 9CFD11A31E78379F0092023E /* PBXContainerItemProxy */;
		};
/* End PBXTargetDependency section */

/* Begin PBXVariantGroup section */
		55025DD41FD599270062F788 /* Main.storyboard */ = {
			isa = PBXVariantGroup;
			children = (
				55025DD51FD599270062F788 /* Base */,
			);
			name = Main.storyboard;
			sourceTree = "<group>";
		};
/* End PBXVariantGroup section */

/* Begin XCBuildConfiguration section */
		9CFD11A91E78379F0092023E /* Debug */ = {
			isa = XCBuildConfiguration;
			buildSettings = {
				ALWAYS_SEARCH_USER_PATHS = NO;
				CLANG_ANALYZER_NONNULL = YES;
				CLANG_CXX_LANGUAGE_STANDARD = "gnu++0x";
				CLANG_CXX_LIBRARY = "libc++";
				CLANG_ENABLE_MODULES = YES;
				CLANG_ENABLE_OBJC_ARC = YES;
				CLANG_WARN_BLOCK_CAPTURE_AUTORELEASING = YES;
				CLANG_WARN_BOOL_CONVERSION = YES;
				CLANG_WARN_COMMA = YES;
				CLANG_WARN_CONSTANT_CONVERSION = YES;
				CLANG_WARN_DIRECT_OBJC_ISA_USAGE = YES_ERROR;
				CLANG_WARN_DOCUMENTATION_COMMENTS = YES;
				CLANG_WARN_EMPTY_BODY = YES;
				CLANG_WARN_ENUM_CONVERSION = YES;
				CLANG_WARN_INFINITE_RECURSION = YES;
				CLANG_WARN_INT_CONVERSION = YES;
				CLANG_WARN_NON_LITERAL_NULL_CONVERSION = YES;
				CLANG_WARN_OBJC_LITERAL_CONVERSION = YES;
				CLANG_WARN_OBJC_ROOT_CLASS = YES_ERROR;
				CLANG_WARN_RANGE_LOOP_ANALYSIS = YES;
				CLANG_WARN_STRICT_PROTOTYPES = YES;
				CLANG_WARN_SUSPICIOUS_MOVE = YES;
				CLANG_WARN_UNREACHABLE_CODE = YES;
				CLANG_WARN__DUPLICATE_METHOD_MATCH = YES;
				"CODE_SIGN_IDENTITY[sdk=iphoneos*]" = "iPhone Developer";
				COPY_PHASE_STRIP = NO;
				DEBUG_INFORMATION_FORMAT = dwarf;
				ENABLE_STRICT_OBJC_MSGSEND = YES;
				ENABLE_TESTABILITY = YES;
				GCC_C_LANGUAGE_STANDARD = gnu99;
				GCC_DYNAMIC_NO_PIC = NO;
				GCC_NO_COMMON_BLOCKS = YES;
				GCC_OPTIMIZATION_LEVEL = 0;
				GCC_PREPROCESSOR_DEFINITIONS = (
					"DEBUG=1",
					"$(inherited)",
				);
				GCC_WARN_64_TO_32_BIT_CONVERSION = YES;
				GCC_WARN_ABOUT_RETURN_TYPE = YES_ERROR;
				GCC_WARN_UNDECLARED_SELECTOR = YES;
				GCC_WARN_UNINITIALIZED_AUTOS = YES_AGGRESSIVE;
				GCC_WARN_UNUSED_FUNCTION = YES;
				GCC_WARN_UNUSED_VARIABLE = YES;
				IPHONEOS_DEPLOYMENT_TARGET = 8.0;
				MTL_ENABLE_DEBUG_INFO = YES;
				ONLY_ACTIVE_ARCH = YES;
				SDKROOT = iphoneos;
				TARGETED_DEVICE_FAMILY = "1,2";
			};
			name = Debug;
		};
		9CFD11AA1E78379F0092023E /* Release */ = {
			isa = XCBuildConfiguration;
			buildSettings = {
				ALWAYS_SEARCH_USER_PATHS = NO;
				CLANG_ANALYZER_NONNULL = YES;
				CLANG_CXX_LANGUAGE_STANDARD = "gnu++0x";
				CLANG_CXX_LIBRARY = "libc++";
				CLANG_ENABLE_MODULES = YES;
				CLANG_ENABLE_OBJC_ARC = YES;
				CLANG_WARN_BLOCK_CAPTURE_AUTORELEASING = YES;
				CLANG_WARN_BOOL_CONVERSION = YES;
				CLANG_WARN_COMMA = YES;
				CLANG_WARN_CONSTANT_CONVERSION = YES;
				CLANG_WARN_DIRECT_OBJC_ISA_USAGE = YES_ERROR;
				CLANG_WARN_DOCUMENTATION_COMMENTS = YES;
				CLANG_WARN_EMPTY_BODY = YES;
				CLANG_WARN_ENUM_CONVERSION = YES;
				CLANG_WARN_INFINITE_RECURSION = YES;
				CLANG_WARN_INT_CONVERSION = YES;
				CLANG_WARN_NON_LITERAL_NULL_CONVERSION = YES;
				CLANG_WARN_OBJC_LITERAL_CONVERSION = YES;
				CLANG_WARN_OBJC_ROOT_CLASS = YES_ERROR;
				CLANG_WARN_RANGE_LOOP_ANALYSIS = YES;
				CLANG_WARN_STRICT_PROTOTYPES = YES;
				CLANG_WARN_SUSPICIOUS_MOVE = YES;
				CLANG_WARN_UNREACHABLE_CODE = YES;
				CLANG_WARN__DUPLICATE_METHOD_MATCH = YES;
				"CODE_SIGN_IDENTITY[sdk=iphoneos*]" = "iPhone Developer";
				COPY_PHASE_STRIP = NO;
				DEBUG_INFORMATION_FORMAT = "dwarf-with-dsym";
				ENABLE_NS_ASSERTIONS = NO;
				ENABLE_STRICT_OBJC_MSGSEND = YES;
				GCC_C_LANGUAGE_STANDARD = gnu99;
				GCC_NO_COMMON_BLOCKS = YES;
				GCC_WARN_64_TO_32_BIT_CONVERSION = YES;
				GCC_WARN_ABOUT_RETURN_TYPE = YES_ERROR;
				GCC_WARN_UNDECLARED_SELECTOR = YES;
				GCC_WARN_UNINITIALIZED_AUTOS = YES_AGGRESSIVE;
				GCC_WARN_UNUSED_FUNCTION = YES;
				GCC_WARN_UNUSED_VARIABLE = YES;
				IPHONEOS_DEPLOYMENT_TARGET = 8.0;
				MTL_ENABLE_DEBUG_INFO = NO;
				SDKROOT = iphoneos;
				TARGETED_DEVICE_FAMILY = "1,2";
				VALIDATE_PRODUCT = YES;
			};
			name = Release;
		};
		9CFD11AC1E78379F0092023E /* Debug */ = {
			isa = XCBuildConfiguration;
			baseConfigurationReference = 3905236E1EB8FE9D70C7F129 /* Pods-NextUserLibraryDemo.debug.xcconfig */;
			buildSettings = {
				ASSETCATALOG_COMPILER_APPICON_NAME = AppIcon;
				CODE_SIGN_STYLE = Manual;
				DEVELOPMENT_TEAM = V223KM7TSG;
				INFOPLIST_FILE = "$(SRCROOT)/NextUserLibraryDemo/Info.plist";
				IPHONEOS_DEPLOYMENT_TARGET = 8.0;
				LD_RUNPATH_SEARCH_PATHS = "$(inherited) @executable_path/Frameworks";
				PRODUCT_BUNDLE_IDENTIFIER = com.nextuser.nextuserlibrarydemo;
				PRODUCT_NAME = "$(TARGET_NAME)";
				PROVISIONING_PROFILE = "256ff708-07b6-4b33-a7fd-46839f1427d8";
				PROVISIONING_PROFILE_SPECIFIER = TestappNextUserProfile1;
			};
			name = Debug;
		};
		9CFD11AD1E78379F0092023E /* Release */ = {
			isa = XCBuildConfiguration;
			baseConfigurationReference = 4E71AD473CAD0F164137CDE5 /* Pods-NextUserLibraryDemo.release.xcconfig */;
			buildSettings = {
				ASSETCATALOG_COMPILER_APPICON_NAME = AppIcon;
				CODE_SIGN_STYLE = Manual;
				DEVELOPMENT_TEAM = V223KM7TSG;
				INFOPLIST_FILE = "$(SRCROOT)/NextUserLibraryDemo/Info.plist";
				IPHONEOS_DEPLOYMENT_TARGET = 8.0;
				LD_RUNPATH_SEARCH_PATHS = "$(inherited) @executable_path/Frameworks";
				PRODUCT_BUNDLE_IDENTIFIER = com.nextuser.nextuserlibrarydemo;
				PRODUCT_NAME = "$(TARGET_NAME)";
				PROVISIONING_PROFILE = "256ff708-07b6-4b33-a7fd-46839f1427d8";
				PROVISIONING_PROFILE_SPECIFIER = TestappNextUserProfile1;
			};
			name = Release;
		};
		9CFD11AF1E78379F0092023E /* Debug */ = {
			isa = XCBuildConfiguration;
			buildSettings = {
				BUNDLE_LOADER = "$(TEST_HOST)";
				INFOPLIST_FILE = NextuserSDKdemoTests/Info.plist;
				LD_RUNPATH_SEARCH_PATHS = "$(inherited) @executable_path/Frameworks @loader_path/Frameworks";
				PRODUCT_BUNDLE_IDENTIFIER = Nextuser.NextuserSDKdemoTests;
				PRODUCT_NAME = "$(TARGET_NAME)";
				TEST_HOST = "$(BUILT_PRODUCTS_DIR)/NextUserLibraryDemo.app/NextUserLibraryDemo";
			};
			name = Debug;
		};
		9CFD11B01E78379F0092023E /* Release */ = {
			isa = XCBuildConfiguration;
			buildSettings = {
				BUNDLE_LOADER = "$(TEST_HOST)";
				INFOPLIST_FILE = NextuserSDKdemoTests/Info.plist;
				LD_RUNPATH_SEARCH_PATHS = "$(inherited) @executable_path/Frameworks @loader_path/Frameworks";
				PRODUCT_BUNDLE_IDENTIFIER = Nextuser.NextuserSDKdemoTests;
				PRODUCT_NAME = "$(TARGET_NAME)";
				TEST_HOST = "$(BUILT_PRODUCTS_DIR)/NextUserLibraryDemo.app/NextUserLibraryDemo";
			};
			name = Release;
		};
		9CFD11B21E78379F0092023E /* Debug */ = {
			isa = XCBuildConfiguration;
			buildSettings = {
				INFOPLIST_FILE = NextuserSDKdemoUITests/Info.plist;
				LD_RUNPATH_SEARCH_PATHS = "$(inherited) @executable_path/Frameworks @loader_path/Frameworks";
				PRODUCT_BUNDLE_IDENTIFIER = Nextuser.NextuserSDKdemoUITests;
				PRODUCT_NAME = "$(TARGET_NAME)";
				TEST_TARGET_NAME = NextuserSDKdemo;
			};
			name = Debug;
		};
		9CFD11B31E78379F0092023E /* Release */ = {
			isa = XCBuildConfiguration;
			buildSettings = {
				INFOPLIST_FILE = NextuserSDKdemoUITests/Info.plist;
				LD_RUNPATH_SEARCH_PATHS = "$(inherited) @executable_path/Frameworks @loader_path/Frameworks";
				PRODUCT_BUNDLE_IDENTIFIER = Nextuser.NextuserSDKdemoUITests;
				PRODUCT_NAME = "$(TARGET_NAME)";
				TEST_TARGET_NAME = NextuserSDKdemo;
			};
			name = Release;
		};
/* End XCBuildConfiguration section */

/* Begin XCConfigurationList section */
		9CFD11761E78379E0092023E /* Build configuration list for PBXProject "NextUserLibraryDemo" */ = {
			isa = XCConfigurationList;
			buildConfigurations = (
				9CFD11A91E78379F0092023E /* Debug */,
				9CFD11AA1E78379F0092023E /* Release */,
			);
			defaultConfigurationIsVisible = 0;
			defaultConfigurationName = Release;
		};
		9CFD11AB1E78379F0092023E /* Build configuration list for PBXNativeTarget "NextUserLibraryDemo" */ = {
			isa = XCConfigurationList;
			buildConfigurations = (
				9CFD11AC1E78379F0092023E /* Debug */,
				9CFD11AD1E78379F0092023E /* Release */,
			);
			defaultConfigurationIsVisible = 0;
			defaultConfigurationName = Release;
		};
		9CFD11AE1E78379F0092023E /* Build configuration list for PBXNativeTarget "NextUserLibraryDemoTests" */ = {
			isa = XCConfigurationList;
			buildConfigurations = (
				9CFD11AF1E78379F0092023E /* Debug */,
				9CFD11B01E78379F0092023E /* Release */,
			);
			defaultConfigurationIsVisible = 0;
			defaultConfigurationName = Release;
		};
		9CFD11B11E78379F0092023E /* Build configuration list for PBXNativeTarget "NextUserLibraryDemoUITests" */ = {
			isa = XCConfigurationList;
			buildConfigurations = (
				9CFD11B21E78379F0092023E /* Debug */,
				9CFD11B31E78379F0092023E /* Release */,
			);
			defaultConfigurationIsVisible = 0;
			defaultConfigurationName = Release;
		};
/* End XCConfigurationList section */
	};
	rootObject = 9CFD11731E78379E0092023E /* Project object */;
}
